{
  "name": "scratch",
  "lockfileVersion": 3,
  "requires": true,
  "packages": {
    "": {
      "dependencies": {
        "@opencode/plugin": "^0.0.0-reserved"
      }
    },
    "node_modules/@opencode/plugin": {
      "version": "0.0.0-reserved",
      "resolved": "https://registry.npmjs.org/@opencode/plugin/-/plugin-0.0.0-reserved.tgz",
      "integrity": "sha512-d/ksrv5aPMungvvu825NPoV21QyoQ6PbgbGm4Y1p8ILEz5aR8h+EPoYkWCCcBJF8V5k1LMCKIIj5FMlVh65EGg==",
      "license": "MIT"
    }
  }
}
